
Microsoft Visual Studio Solution File, Format Version 12.00
# Visual Studio Version 17
VisualStudioVersion = 17.11.35312.102
MinimumVisualStudioVersion = 10.0.40219.1
Project("{FAE04EC0-301F-11D3-BF4B-00C04F79EFBC}") = "MiniLojaVirtual", "MiniLojaVirtual\MiniLojaVirtual.csproj", "{723C720F-ED0B-4D78-A77D-9E256EB6E4CF}"
EndProject
Global
	GlobalSection(SolutionConfigurationPlatforms) = preSolution
		Debug|Any CPU = Debug|Any CPU
		Release|Any CPU = Release|Any CPU
	EndGlobalSection
	GlobalSection(ProjectConfigurationPlatforms) = postSolution
		{723C720F-ED0B-4D78-A77D-9E256EB6E4CF}.Debug|Any CPU.ActiveCfg = Debug|Any CPU
		{723C720F-ED0B-4D78-A77D-9E256EB6E4CF}.Debug|Any CPU.Build.0 = Debug|Any CPU
		{723C720F-ED0B-4D78-A77D-9E256EB6E4CF}.Release|Any CPU.ActiveCfg = Release|Any CPU
		{723C720F-ED0B-4D78-A77D-9E256EB6E4CF}.Release|Any CPU.Build.0 = Release|Any CPU
	EndGlobalSection
	GlobalSection(SolutionProperties) = preSolution
		HideSolutionNode = FALSE
	EndGlobalSection
	GlobalSection(ExtensibilityGlobals) = postSolution
		SolutionGuid = {9C657150-205C-40A1-98B7-861EAD3C0D26}
	EndGlobalSection
EndGlobal
